{
  "name": "newIndiaProject",
  "version": "1.0.0",
  "lockfileVersion": 1,
  "requires": true,
  "dependencies": {
    "lucky-canvas": {
      "version": "1.5.4",
      "resolved": "https://r.cnpmjs.org/lucky-canvas/download/lucky-canvas-1.5.4.tgz",
      "integrity": "sha1-Ok89wISdPRUw9Un687mTnZtpnRU="
    },
    "uni-luck-draw": {
      "version": "1.4.5",
      "resolved": "https://r.cnpmjs.org/uni-luck-draw/download/uni-luck-draw-1.4.5.tgz",
      "integrity": "sha1-lb2UaU43qyYST6ErIOt0F3s6c8I=",
      "requires": {
        "lucky-canvas": "1.5.4"
      }
    },
    "uni-read-pages": {
      "version": "1.0.5",
      "resolved": "https://registry.npm.taobao.org/uni-read-pages/download/uni-read-pages-1.0.5.tgz",
      "integrity": "sha1-RSyNyqiXe7rvYAkJvpJsjZcEOHw="
    },
    "uni-simple-router": {
      "version": "2.0.7",
      "resolved": "https://registry.nlark.com/uni-simple-router/download/uni-simple-router-2.0.7.tgz",
      "integrity": "sha1-BOC1vmzXM6HsudNaPb6C8n9IIE4="
    },
    "uview-ui": {
      "version": "1.8.4",
      "resolved": "https://registry.npm.taobao.org/uview-ui/download/uview-ui-1.8.4.tgz",
      "integrity": "sha1-4yu/I3lCHTGQIuMk4ct7U4fTvUQ="
    }
  }
}
